# generated by rye
# use `rye lock` or `rye sync` to update this lockfile
#
# last locked with the following flags:
#   pre: false
#   features: []
#   all-features: true
#   with-sources: false
#   generate-hashes: false
#   universal: false

-e file:.
annotated-types==0.6.0
    # via pydantic
apig-wsgi==2.18.0
    # via magic-pocket
asgiref==3.7.2
    # via django
awslambdaric==2.0.10
    # via magic-pocket
boto3==1.34.38
    # via magic-pocket
botocore==1.34.38
    # via boto3
    # via s3transfer
certifi==2024.2.2
    # via requests
charset-normalizer==3.3.2
    # via requests
click==8.1.7
    # via magic-pocket
    # via typer
deepdiff==6.7.1
    # via magic-pocket
django==5.0.2
    # via django-storages
    # via magic-pocket
django-environ==0.11.2
    # via magic-pocket
django-storages==1.14.2
    # via magic-pocket
idna==3.6
    # via requests
jinja2==3.1.3
    # via magic-pocket
jmespath==1.0.1
    # via boto3
    # via botocore
markdown-it-py==3.0.0
    # via rich
markupsafe==2.1.5
    # via jinja2
mdurl==0.1.2
    # via markdown-it-py
mergedeep==1.3.4
    # via magic-pocket
ordered-set==4.1.0
    # via deepdiff
pydantic==2.6.1
    # via magic-pocket
    # via pydantic-settings
    # via python-on-whales
pydantic-core==2.16.2
    # via pydantic
pydantic-settings==2.1.0
    # via magic-pocket
pygments==2.17.2
    # via rich
python-dateutil==2.8.2
    # via botocore
python-dotenv==1.0.1
    # via pydantic-settings
python-on-whales==0.68.0
    # via magic-pocket
pyyaml==6.0.1
    # via magic-pocket
requests==2.31.0
    # via python-on-whales
rich==13.7.0
    # via magic-pocket
s3transfer==0.10.0
    # via boto3
simplejson==3.17.2
    # via awslambdaric
six==1.16.0
    # via python-dateutil
sqlparse==0.4.4
    # via django
tomli==2.0.1
    # via magic-pocket
tqdm==4.66.1
    # via python-on-whales
typer==0.9.0
    # via python-on-whales
typing-extensions==4.9.0
    # via asgiref
    # via pydantic
    # via pydantic-core
    # via python-on-whales
    # via typer
urllib3==2.0.7
    # via botocore
    # via requests
